{
  "name": "Project-Zassests-v1",
  "lockfileVersion": 3,
  "requires": true,
  "packages": {
    "": {
      "dependencies": {
        "@ngneat/hot-toast": "^5.0.2"
      }
    },
    "node_modules/@angular/core": {
      "version": "16.2.4",
      "resolved": "https://registry.npmjs.org/@angular/core/-/core-16.2.4.tgz",
      "integrity": "sha512-8A1WGGvsKbwSEKoa1y6yBHgOBgv/4hCMo01HJv6BR9ApBjsjpBjXG3ltfRq293j9NF8tSu6gQMs7jrc2uVXZCg==",
      "peer": true,
      "dependencies": {
        "tslib": "^2.3.0"
      },
      "engines": {
        "node": "^16.14.0 || >=18.10.0"
      },
      "peerDependencies": {
        "rxjs": "^6.5.3 || ^7.4.0",
        "zone.js": "~0.13.0"
      }
    },
    "node_modules/@ngneat/hot-toast": {
      "version": "5.0.2",
      "resolved": "https://registry.npmjs.org/@ngneat/hot-toast/-/hot-toast-5.0.2.tgz",
      "integrity": "sha512-gtPGDq9o++0TOTWJT62HSyBpwc6jWnLb+kCo5kwteDefiM2LdLACTONV9fBXK/eWp1NKsHW1FU+2ENrOoq56WQ==",
      "dependencies": {
        "tslib": "^2.3.0"
      },
      "peerDependencies": {
        "@angular/core": ">=13.0.0",
        "@ngneat/overview": ">=3.0.0"
      }
    },
    "node_modules/@ngneat/overview": {
      "version": "5.1.1",
      "resolved": "https://registry.npmjs.org/@ngneat/overview/-/overview-5.1.1.tgz",
      "integrity": "sha512-Dz7yylhS08Mo+A8SXo7KyJBJMxD18Oq/G5v/ndvd5C8Gi3uOrAiXUjxvqRCPMxrg03FlkvEsD5/4TvMKtrUfAQ==",
      "peer": true,
      "dependencies": {
        "tslib": "^2.0.0"
      },
      "peerDependencies": {
        "@angular/core": ">=16"
      }
    },
    "node_modules/rxjs": {
      "version": "7.8.1",
      "resolved": "https://registry.npmjs.org/rxjs/-/rxjs-7.8.1.tgz",
      "integrity": "sha512-AA3TVj+0A2iuIoQkWEK/tqFjBq2j+6PO6Y0zJcvzLAFhEFIO3HL0vls9hWLncZbAAbK0mar7oZ4V079I/qPMxg==",
      "peer": true,
      "dependencies": {
        "tslib": "^2.1.0"
      }
    },
    "node_modules/tslib": {
      "version": "2.6.2",
      "resolved": "https://registry.npmjs.org/tslib/-/tslib-2.6.2.tgz",
      "integrity": "sha512-AEYxH93jGFPn/a2iVAwW87VuUIkR1FVUKB77NwMF7nBTDkDrrT/Hpt/IrCJ0QXhW27jTBDcf5ZY7w6RiqTMw2Q=="
    },
    "node_modules/zone.js": {
      "version": "0.13.1",
      "resolved": "https://registry.npmjs.org/zone.js/-/zone.js-0.13.1.tgz",
      "integrity": "sha512-+bIeDAFEBYuXRuU3qGQvzdPap+N1zjM4KkBAiiQuVVCrHrhjDuY6VkUhNa5+U27+9w0q3fbKiMCbpJ0XzMmSWA==",
      "peer": true,
      "dependencies": {
        "tslib": "^2.3.0"
      }
    }
  }
}
